// !$*UTF8*$!
{
	archiveVersion = 1;
	classes = {
	};
	objectVersion = 46;
	objects = {

/* Begin PBXBuildFile section */
		6C4FD8B31C73904B001A51CA /* MapKit.framework in Frameworks */ = {isa = PBXBuildFile; fileRef = 6C4FD8B21C73904B001A51CA /* MapKit.framework */; };
		6CEDB4801C6F809C00B1F8E7 /* main.m in Sources */ = {isa = PBXBuildFile; fileRef = 6CEDB47F1C6F809C00B1F8E7 /* main.m */; };
		6CEDB4831C6F809C00B1F8E7 /* AppDelegate.m in Sources */ = {isa = PBXBuildFile; fileRef = 6CEDB4821C6F809C00B1F8E7 /* AppDelegate.m */; };
		6CEDB4861C6F809C00B1F8E7 /* ViewController.m in Sources */ = {isa = PBXBuildFile; fileRef = 6CEDB4851C6F809C00B1F8E7 /* ViewController.m */; settings = {COMPILER_FLAGS = "-fno-objc-arc"; }; };
		6CEDB4891C6F809C00B1F8E7 /* Main.storyboard in Resources */ = {isa = PBXBuildFile; fileRef = 6CEDB4871C6F809C00B1F8E7 /* Main.storyboard */; };
		6CEDB48B1C6F809C00B1F8E7 /* Assets.xcassets in Resources */ = {isa = PBXBuildFile; fileRef = 6CEDB48A1C6F809C00B1F8E7 /* Assets.xcassets */; };
		6CEDB48E1C6F809C00B1F8E7 /* LaunchScreen.storyboard in Resources */ = {isa = PBXBuildFile; fileRef = 6CEDB48C1C6F809C00B1F8E7 /* LaunchScreen.storyboard */; };
		6CEDB4961C6FCCA800B1F8E7 /* Default-568h@2x.png in Resources */ = {isa = PBXBuildFile; fileRef = 6CEDB4951C6FCCA800B1F8E7 /* Default-568h@2x.png */; };
/* End PBXBuildFile section */

/* Begin PBXFileReference section */
		6C4FD8B21C73904B001A51CA /* MapKit.framework */ = {isa = PBXFileReference; lastKnownFileType = wrapper.framework; name = MapKit.framework; path = System/Library/Frameworks/MapKit.framework; sourceTree = SDKROOT; };
		6CEDB47B1C6F809C00B1F8E7 /* CustomToolbar.app */ = {isa = PBXFileReference; explicitFileType = wrapper.application; includeInIndex = 0; path = CustomToolbar.app; sourceTree = BUILT_PRODUCTS_DIR; };
		6CEDB47F1C6F809C00B1F8E7 /* main.m */ = {isa = PBXFileReference; lastKnownFileType = sourcecode.c.objc; path = main.m; sourceTree = "<group>"; };
		6CEDB4811C6F809C00B1F8E7 /* AppDelegate.h */ = {isa = PBXFileReference; lastKnownFileType = sourcecode.c.h; path = AppDelegate.h; sourceTree = "<group>"; };
		6CEDB4821C6F809C00B1F8E7 /* AppDelegate.m */ = {isa = PBXFileReference; lastKnownFileType = sourcecode.c.objc; path = AppDelegate.m; sourceTree = "<group>"; };
		6CEDB4841C6F809C00B1F8E7 /* ViewController.h */ = {isa = PBXFileReference; lastKnownFileType = sourcecode.c.h; path = ViewController.h; sourceTree = "<group>"; };
		6CEDB4851C6F809C00B1F8E7 /* ViewController.m */ = {isa = PBXFileReference; lastKnownFileType = sourcecode.c.objc; path = ViewController.m; sourceTree = "<group>"; };
		6CEDB4881C6F809C00B1F8E7 /* Base */ = {isa = PBXFileReference; lastKnownFileType = file.storyboard; name = Base; path = Base.lproj/Main.storyboard; sourceTree = "<group>"; };
		6CEDB48A1C6F809C00B1F8E7 /* Assets.xcassets */ = {isa = PBXFileReference; lastKnownFileType = folder.assetcatalog; path = Assets.xcassets; sourceTree = "<group>"; };
		6CEDB48D1C6F809C00B1F8E7 /* Base */ = {isa = PBXFileReference; lastKnownFileType = file.storyboard; name = Base; path = Base.lproj/LaunchScreen.storyboard; sourceTree = "<group>"; };
		6CEDB48F1C6F809C00B1F8E7 /* Info.plist */ = {isa = PBXFileReference; lastKnownFileType = text.plist.xml; path = Info.plist; sourceTree = "<group>"; };
		6CEDB4951C6FCCA800B1F8E7 /* Default-568h@2x.png */ = {isa = PBXFileReference; lastKnownFileType = image.png; name = "Default-568h@2x.png"; path = "../Default-568h@2x.png"; sourceTree = "<group>"; };
/* End PBXFileReference section */

/* Begin PBXFrameworksBuildPhase section */
		6CEDB4781C6F809C00B1F8E7 /* Frameworks */ = {
			isa = PBXFrameworksBuildPhase;
			buildActionMask = 2147483647;
			files = (
				6C4FD8B31C73904B001A51CA /* MapKit.framework in Frameworks */,
			);
			runOnlyForDeploymentPostprocessing = 0;
		};
/* End PBXFrameworksBuildPhase section */

/* Begin PBXGroup section */
		6CEDB4721C6F809C00B1F8E7 = {
			isa = PBXGroup;
			children = (
				6C4FD8B21C73904B001A51CA /* MapKit.framework */,
				6CEDB47D1C6F809C00B1F8E7 /* CustomToolbar */,
				6CEDB47C1C6F809C00B1F8E7 /* Products */,
			);
			sourceTree = "<group>";
		};
		6CEDB47C1C6F809C00B1F8E7 /* Products */ = {
			isa = PBXGroup;
			children = (
				6CEDB47B1C6F809C00B1F8E7 /* CustomToolbar.app */,
			);
			name = Products;
			sourceTree = "<group>";
		};
		6CEDB47D1C6F809C00B1F8E7 /* CustomToolbar */ = {
			isa = PBXGroup;
			children = (
				6CEDB4811C6F809C00B1F8E7 /* AppDelegate.h */,
				6CEDB4821C6F809C00B1F8E7 /* AppDelegate.m */,
				6CEDB4841C6F809C00B1F8E7 /* ViewController.h */,
				6CEDB4851C6F809C00B1F8E7 /* ViewController.m */,
				6CEDB4871C6F809C00B1F8E7 /* Main.storyboard */,
				6CEDB48A1C6F809C00B1F8E7 /* Assets.xcassets */,
				6CEDB48C1C6F809C00B1F8E7 /* LaunchScreen.storyboard */,
				6CEDB48F1C6F809C00B1F8E7 /* Info.plist */,
				6CEDB47E1C6F809C00B1F8E7 /* Supporting Files */,
			);
			path = CustomToolbar;
			sourceTree = "<group>";
		};
		6CEDB47E1C6F809C00B1F8E7 /* Supporting Files */ = {
			isa = PBXGroup;
			children = (
				6CEDB4951C6FCCA800B1F8E7 /* Default-568h@2x.png */,
				6CEDB47F1C6F809C00B1F8E7 /* main.m */,
			);
			name = "Supporting Files";
			sourceTree = "<group>";
		};
/* End PBXGroup section */

/* Begin PBXNativeTarget section */
		6CEDB47A1C6F809C00B1F8E7 /* CustomToolbar */ = {
			isa = PBXNativeTarget;
			buildConfigurationList = 6CEDB4921C6F809C00B1F8E7 /* Build configuration list for PBXNativeTarget "CustomToolbar" */;
			buildPhases = (
				6CEDB4771C6F809C00B1F8E7 /* Sources */,
				6CEDB4781C6F809C00B1F8E7 /* Frameworks */,
				6CEDB4791C6F809C00B1F8E7 /* Resources */,
			);
			buildRules = (
			);
			dependencies = (
			);
			name = CustomToolbar;
			productName = Sizes;
			productReference = 6CEDB47B1C6F809C00B1F8E7 /* CustomToolbar.app */;
			productType = "com.apple.product-type.application";
		};
/* End PBXNativeTarget section */

/* Begin PBXProject section */
		6CEDB4731C6F809C00B1F8E7 /* Project object */ = {
			isa = PBXProject;
			attributes = {
				LastUpgradeCheck = 0720;
				ORGANIZATIONNAME = bbluue;
				TargetAttributes = {
					6CEDB47A1C6F809C00B1F8E7 = {
						CreatedOnToolsVersion = 7.2;
						DevelopmentTeam = 3ZY9LLS26T;
					};
				};
			};
			buildConfigurationList = 6CEDB4761C6F809C00B1F8E7 /* Build configuration list for PBXProject "CustomToolbar" */;
			compatibilityVersion = "Xcode 3.2";
			developmentRegion = English;
			hasScannedForEncodings = 0;
			knownRegions = (
				en,
				Base,
			);
			mainGroup = 6CEDB4721C6F809C00B1F8E7;
			productRefGroup = 6CEDB47C1C6F809C00B1F8E7 /* Products */;
			projectDirPath = "";
			projectRoot = "";
			targets = (
				6CEDB47A1C6F809C00B1F8E7 /* CustomToolbar */,
			);
		};
/* End PBXProject section */

/* Begin PBXResourcesBuildPhase section */
		6CEDB4791C6F809C00B1F8E7 /* Resources */ = {
			isa = PBXResourcesBuildPhase;
			buildActionMask = 2147483647;
			files = (
				6CEDB48E1C6F809C00B1F8E7 /* LaunchScreen.storyboard in Resources */,
				6CEDB4961C6FCCA800B1F8E7 /* Default-568h@2x.png in Resources */,
				6CEDB48B1C6F809C00B1F8E7 /* Assets.xcassets in Resources */,
				6CEDB4891C6F809C00B1F8E7 /* Main.storyboard in Resources */,
			);
			runOnlyForDeploymentPostprocessing = 0;
		};
/* End PBXResourcesBuildPhase section */

/* Begin PBXSourcesBuildPhase section */
		6CEDB4771C6F809C00B1F8E7 /* Sources */ = {
			isa = PBXSourcesBuildPhase;
			buildActionMask = 2147483647;
			files = (
				6CEDB4861C6F809C00B1F8E7 /* ViewController.m in Sources */,
				6CEDB4831C6F809C00B1F8E7 /* AppDelegate.m in Sources */,
				6CEDB4801C6F809C00B1F8E7 /* main.m in Sources */,
			);
			runOnlyForDeploymentPostprocessing = 0;
		};
/* End PBXSourcesBuildPhase section */

/* Begin PBXVariantGroup section */
		6CEDB4871C6F809C00B1F8E7 /* Main.storyboard */ = {
			isa = PBXVariantGroup;
			children = (
				6CEDB4881C6F809C00B1F8E7 /* Base */,
			);
			name = Main.storyboard;
			sourceTree = "<group>";
		};
		6CEDB48C1C6F809C00B1F8E7 /* LaunchScreen.storyboard */ = {
			isa = PBXVariantGroup;
			children = (
				6CEDB48D1C6F809C00B1F8E7 /* Base */,
			);
			name = LaunchScreen.storyboard;
			sourceTree = "<group>";
		};
/* End PBXVariantGroup section */

/* Begin XCBuildConfiguration section */
		6CEDB4901C6F809C00B1F8E7 /* Debug */ = {
			isa = XCBuildConfiguration;
			buildSettings = {
				ALWAYS_SEARCH_USER_PATHS = NO;
				CLANG_CXX_LANGUAGE_STANDARD = "gnu++0x";
				CLANG_CXX_LIBRARY = "libc++";
				CLANG_ENABLE_MODULES = YES;
				CLANG_ENABLE_OBJC_ARC = YES;
				CLANG_WARN_BOOL_CONVERSION = YES;
				CLANG_WARN_CONSTANT_CONVERSION = YES;
				CLANG_WARN_DIRECT_OBJC_ISA_USAGE = YES_ERROR;
				CLANG_WARN_EMPTY_BODY = YES;
				CLANG_WARN_ENUM_CONVERSION = YES;
				CLANG_WARN_INT_CONVERSION = YES;
				CLANG_WARN_OBJC_ROOT_CLASS = YES_ERROR;
				CLANG_WARN_UNREACHABLE_CODE = YES;
				CLANG_WARN__DUPLICATE_METHOD_MATCH = YES;
				"CODE_SIGN_IDENTITY[sdk=iphoneos*]" = "iPhone Developer";
				COPY_PHASE_STRIP = NO;
				DEBUG_INFORMATION_FORMAT = dwarf;
				ENABLE_STRICT_OBJC_MSGSEND = YES;
				ENABLE_TESTABILITY = YES;
				GCC_C_LANGUAGE_STANDARD = gnu99;
				GCC_DYNAMIC_NO_PIC = NO;
				GCC_NO_COMMON_BLOCKS = YES;
				GCC_OPTIMIZATION_LEVEL = 0;
				GCC_PREPROCESSOR_DEFINITIONS = (
					"DEBUG=1",
					"$(inherited)",
				);
				GCC_WARN_64_TO_32_BIT_CONVERSION = YES;
				GCC_WARN_ABOUT_RETURN_TYPE = YES_ERROR;
				GCC_WARN_UNDECLARED_SELECTOR = YES;
				GCC_WARN_UNINITIALIZED_AUTOS = YES_AGGRESSIVE;
				GCC_WARN_UNUSED_FUNCTION = YES;
				GCC_WARN_UNUSED_VARIABLE = YES;
				IPHONEOS_DEPLOYMENT_TARGET = 9.2;
				MTL_ENABLE_DEBUG_INFO = YES;
				ONLY_ACTIVE_ARCH = YES;
				SDKROOT = iphoneos;
			};
			name = Debug;
		};
		6CEDB4911C6F809C00B1F8E7 /* Release */ = {
			isa = XCBuildConfiguration;
			buildSettings = {
				ALWAYS_SEARCH_USER_PATHS = NO;
				CLANG_CXX_LANGUAGE_STANDARD = "gnu++0x";
				CLANG_CXX_LIBRARY = "libc++";
				CLANG_ENABLE_MODULES = YES;
				CLANG_ENABLE_OBJC_ARC = YES;
				CLANG_WARN_BOOL_CONVERSION = YES;
				CLANG_WARN_CONSTANT_CONVERSION = YES;
				CLANG_WARN_DIRECT_OBJC_ISA_USAGE = YES_ERROR;
				CLANG_WARN_EMPTY_BODY = YES;
				CLANG_WARN_ENUM_CONVERSION = YES;
				CLANG_WARN_INT_CONVERSION = YES;
				CLANG_WARN_OBJC_ROOT_CLASS = YES_ERROR;
				CLANG_WARN_UNREACHABLE_CODE = YES;
				CLANG_WARN__DUPLICATE_METHOD_MATCH = YES;
				"CODE_SIGN_IDENTITY[sdk=iphoneos*]" = "iPhone Developer";
				COPY_PHASE_STRIP = NO;
				DEBUG_INFORMATION_FORMAT = "dwarf-with-dsym";
				ENABLE_NS_ASSERTIONS = NO;
				ENABLE_STRICT_OBJC_MSGSEND = YES;
				GCC_C_LANGUAGE_STANDARD = gnu99;
				GCC_NO_COMMON_BLOCKS = YES;
				GCC_WARN_64_TO_32_BIT_CONVERSION = YES;
				GCC_WARN_ABOUT_RETURN_TYPE = YES_ERROR;
				GCC_WARN_UNDECLARED_SELECTOR = YES;
				GCC_WARN_UNINITIALIZED_AUTOS = YES_AGGRESSIVE;
				GCC_WARN_UNUSED_FUNCTION = YES;
				GCC_WARN_UNUSED_VARIABLE = YES;
				IPHONEOS_DEPLOYMENT_TARGET = 9.2;
				MTL_ENABLE_DEBUG_INFO = NO;
				SDKROOT = iphoneos;
				VALIDATE_PRODUCT = YES;
			};
			name = Release;
		};
		6CEDB4931C6F809C00B1F8E7 /* Debug */ = {
			isa = XCBuildConfiguration;
			buildSettings = {
				ASSETCATALOG_COMPILER_APPICON_NAME = AppIcon;
				CODE_SIGN_IDENTITY = "iPhone Developer";
				INFOPLIST_FILE = CustomToolbar/Info.plist;
				LD_RUNPATH_SEARCH_PATHS = "$(inherited) @executable_path/Frameworks";
				PRODUCT_BUNDLE_IDENTIFIER = com.vioklab.CustomToolbar;
				PRODUCT_NAME = CustomToolbar;
			};
			name = Debug;
		};
		6CEDB4941C6F809C00B1F8E7 /* Release */ = {
			isa = XCBuildConfiguration;
			buildSettings = {
				ASSETCATALOG_COMPILER_APPICON_NAME = AppIcon;
				CODE_SIGN_IDENTITY = "iPhone Developer";
				INFOPLIST_FILE = CustomToolbar/Info.plist;
				LD_RUNPATH_SEARCH_PATHS = "$(inherited) @executable_path/Frameworks";
				PRODUCT_BUNDLE_IDENTIFIER = com.vioklab.CustomToolbar;
				PRODUCT_NAME = CustomToolbar;
			};
			name = Release;
		};
/* End XCBuildConfiguration section */

/* Begin XCConfigurationList section */
		6CEDB4761C6F809C00B1F8E7 /* Build configuration list for PBXProject "CustomToolbar" */ = {
			isa = XCConfigurationList;
			buildConfigurations = (
				6CEDB4901C6F809C00B1F8E7 /* Debug */,
				6CEDB4911C6F809C00B1F8E7 /* Release */,
			);
			defaultConfigurationIsVisible = 0;
			defaultConfigurationName = Release;
		};
		6CEDB4921C6F809C00B1F8E7 /* Build configuration list for PBXNativeTarget "CustomToolbar" */ = {
			isa = XCConfigurationList;
			buildConfigurations = (
				6CEDB4931C6F809C00B1F8E7 /* Debug */,
				6CEDB4941C6F809C00B1F8E7 /* Release */,
			);
			defaultConfigurationIsVisible = 0;
			defaultConfigurationName = Release;
		};
/* End XCConfigurationList section */
	};
	rootObject = 6CEDB4731C6F809C00B1F8E7 /* Project object */;
}
